// !$*UTF8*$!
{
	archiveVersion = 1;
	classes = {
	};
	objectVersion = 46;
	objects = {

/* Begin PBXBuildFile section */
		7FD90C5C1E60E84600DF226B /* AppDelegate.m in Sources */ = {isa = PBXBuildFile; fileRef = 7FD90C5B1E60E84600DF226B /* AppDelegate.m */; };
		7FD90C5F1E60E84600DF226B /* main.m in Sources */ = {isa = PBXBuildFile; fileRef = 7FD90C5E1E60E84600DF226B /* main.m */; };
		7FD90C621E60E84600DF226B /* ViewController.m in Sources */ = {isa = PBXBuildFile; fileRef = 7FD90C611E60E84600DF226B /* ViewController.m */; };
		7FD90C641E60E84600DF226B /* Assets.xcassets in Resources */ = {isa = PBXBuildFile; fileRef = 7FD90C631E60E84600DF226B /* Assets.xcassets */; };
		7FD90C671E60E84600DF226B /* Main.storyboard in Resources */ = {isa = PBXBuildFile; fileRef = 7FD90C651E60E84600DF226B /* Main.storyboard */; };
		7FD90C721E60E84600DF226B /* TorrentParserTests.m in Sources */ = {isa = PBXBuildFile; fileRef = 7FD90C711E60E84600DF226B /* TorrentParserTests.m */; };
		7FD90C7D1E60E84600DF226B /* TorrentParserUITests.m in Sources */ = {isa = PBXBuildFile; fileRef = 7FD90C7C1E60E84600DF226B /* TorrentParserUITests.m */; };
		7FD90C8C1E60EDCA00DF226B /* TRPParser.m in Sources */ = {isa = PBXBuildFile; fileRef = 7FD90C8B1E60EDCA00DF226B /* TRPParser.m */; };
		7FD90C8D1E60EDCA00DF226B /* TRPParser.m in Sources */ = {isa = PBXBuildFile; fileRef = 7FD90C8B1E60EDCA00DF226B /* TRPParser.m */; };
		7FD90C901E60EE2F00DF226B /* TRPTorrent.m in Sources */ = {isa = PBXBuildFile; fileRef = 7FD90C8F1E60EE2F00DF226B /* TRPTorrent.m */; };
		7FD90C911E60EE2F00DF226B /* TRPTorrent.m in Sources */ = {isa = PBXBuildFile; fileRef = 7FD90C8F1E60EE2F00DF226B /* TRPTorrent.m */; };
		7FD90C951E611A1000DF226B /* TRPFile.m in Sources */ = {isa = PBXBuildFile; fileRef = 7FD90C941E611A1000DF226B /* TRPFile.m */; };
		7FD90C961E611A1000DF226B /* TRPFile.m in Sources */ = {isa = PBXBuildFile; fileRef = 7FD90C941E611A1000DF226B /* TRPFile.m */; };
		7FD90C9B1E612CA600DF226B /* TRPString.m in Sources */ = {isa = PBXBuildFile; fileRef = 7FD90C9A1E612CA600DF226B /* TRPString.m */; };
		7FD90C9C1E612CA600DF226B /* TRPString.m in Sources */ = {isa = PBXBuildFile; fileRef = 7FD90C9A1E612CA600DF226B /* TRPString.m */; };
		7FD90C9F1E612CB500DF226B /* TRPInteger.m in Sources */ = {isa = PBXBuildFile; fileRef = 7FD90C9E1E612CB500DF226B /* TRPInteger.m */; };
		7FD90CA01E612CB500DF226B /* TRPInteger.m in Sources */ = {isa = PBXBuildFile; fileRef = 7FD90C9E1E612CB500DF226B /* TRPInteger.m */; };
		7FD90CA31E612CC100DF226B /* TRPList.m in Sources */ = {isa = PBXBuildFile; fileRef = 7FD90CA21E612CC100DF226B /* TRPList.m */; };
		7FD90CA41E612CC100DF226B /* TRPList.m in Sources */ = {isa = PBXBuildFile; fileRef = 7FD90CA21E612CC100DF226B /* TRPList.m */; };
		7FD90CA71E612CD300DF226B /* TRPDictionary.m in Sources */ = {isa = PBXBuildFile; fileRef = 7FD90CA61E612CD300DF226B /* TRPDictionary.m */; };
		7FD90CA81E612CD300DF226B /* TRPDictionary.m in Sources */ = {isa = PBXBuildFile; fileRef = 7FD90CA61E612CD300DF226B /* TRPDictionary.m */; };
		7FD90CAC1E61480B00DF226B /* TRPElement.m in Sources */ = {isa = PBXBuildFile; fileRef = 7FD90CAB1E61480B00DF226B /* TRPElement.m */; };
		7FD90CAD1E61480B00DF226B /* TRPElement.m in Sources */ = {isa = PBXBuildFile; fileRef = 7FD90CAB1E61480B00DF226B /* TRPElement.m */; };
/* End PBXBuildFile section */

/* Begin PBXContainerItemProxy section */
		7FD90C6E1E60E84600DF226B /* PBXContainerItemProxy */ = {
			isa = PBXContainerItemProxy;
			containerPortal = 7FD90C4F1E60E84600DF226B /* Project object */;
			proxyType = 1;
			remoteGlobalIDString = 7FD90C561E60E84600DF226B;
			remoteInfo = TorrentParser;
		};
		7FD90C791E60E84600DF226B /* PBXContainerItemProxy */ = {
			isa = PBXContainerItemProxy;
			containerPortal = 7FD90C4F1E60E84600DF226B /* Project object */;
			proxyType = 1;
			remoteGlobalIDString = 7FD90C561E60E84600DF226B;
			remoteInfo = TorrentParser;
		};
/* End PBXContainerItemProxy section */

/* Begin PBXFileReference section */
		7FD90C571E60E84600DF226B /* TorrentParser.app */ = {isa = PBXFileReference; explicitFileType = wrapper.application; includeInIndex = 0; path = TorrentParser.app; sourceTree = BUILT_PRODUCTS_DIR; };
		7FD90C5A1E60E84600DF226B /* AppDelegate.h */ = {isa = PBXFileReference; lastKnownFileType = sourcecode.c.h; path = AppDelegate.h; sourceTree = "<group>"; };
		7FD90C5B1E60E84600DF226B /* AppDelegate.m */ = {isa = PBXFileReference; lastKnownFileType = sourcecode.c.objc; path = AppDelegate.m; sourceTree = "<group>"; };
		7FD90C5E1E60E84600DF226B /* main.m */ = {isa = PBXFileReference; lastKnownFileType = sourcecode.c.objc; path = main.m; sourceTree = "<group>"; };
		7FD90C601E60E84600DF226B /* ViewController.h */ = {isa = PBXFileReference; lastKnownFileType = sourcecode.c.h; path = ViewController.h; sourceTree = "<group>"; };
		7FD90C611E60E84600DF226B /* ViewController.m */ = {isa = PBXFileReference; lastKnownFileType = sourcecode.c.objc; path = ViewController.m; sourceTree = "<group>"; };
		7FD90C631E60E84600DF226B /* Assets.xcassets */ = {isa = PBXFileReference; lastKnownFileType = folder.assetcatalog; path = Assets.xcassets; sourceTree = "<group>"; };
		7FD90C661E60E84600DF226B /* Base */ = {isa = PBXFileReference; lastKnownFileType = file.storyboard; name = Base; path = Base.lproj/Main.storyboard; sourceTree = "<group>"; };
		7FD90C681E60E84600DF226B /* Info.plist */ = {isa = PBXFileReference; lastKnownFileType = text.plist.xml; path = Info.plist; sourceTree = "<group>"; };
		7FD90C6D1E60E84600DF226B /* TorrentParserTests.xctest */ = {isa = PBXFileReference; explicitFileType = wrapper.cfbundle; includeInIndex = 0; path = TorrentParserTests.xctest; sourceTree = BUILT_PRODUCTS_DIR; };
		7FD90C711E60E84600DF226B /* TorrentParserTests.m */ = {isa = PBXFileReference; lastKnownFileType = sourcecode.c.objc; path = TorrentParserTests.m; sourceTree = "<group>"; };
		7FD90C731E60E84600DF226B /* Info.plist */ = {isa = PBXFileReference; lastKnownFileType = text.plist.xml; path = Info.plist; sourceTree = "<group>"; };
		7FD90C781E60E84600DF226B /* TorrentParserUITests.xctest */ = {isa = PBXFileReference; explicitFileType = wrapper.cfbundle; includeInIndex = 0; path = TorrentParserUITests.xctest; sourceTree = BUILT_PRODUCTS_DIR; };
		7FD90C7C1E60E84600DF226B /* TorrentParserUITests.m */ = {isa = PBXFileReference; lastKnownFileType = sourcecode.c.objc; path = TorrentParserUITests.m; sourceTree = "<group>"; };
		7FD90C7E1E60E84600DF226B /* Info.plist */ = {isa = PBXFileReference; lastKnownFileType = text.plist.xml; path = Info.plist; sourceTree = "<group>"; };
		7FD90C8A1E60EDCA00DF226B /* TRPParser.h */ = {isa = PBXFileReference; fileEncoding = 4; lastKnownFileType = sourcecode.c.h; path = TRPParser.h; sourceTree = "<group>"; };
		7FD90C8B1E60EDCA00DF226B /* TRPParser.m */ = {isa = PBXFileReference; fileEncoding = 4; lastKnownFileType = sourcecode.c.objc; path = TRPParser.m; sourceTree = "<group>"; };
		7FD90C8E1E60EE2F00DF226B /* TRPTorrent.h */ = {isa = PBXFileReference; fileEncoding = 4; lastKnownFileType = sourcecode.c.h; path = TRPTorrent.h; sourceTree = "<group>"; };
		7FD90C8F1E60EE2F00DF226B /* TRPTorrent.m */ = {isa = PBXFileReference; fileEncoding = 4; lastKnownFileType = sourcecode.c.objc; path = TRPTorrent.m; sourceTree = "<group>"; };
		7FD90C931E611A1000DF226B /* TRPFile.h */ = {isa = PBXFileReference; fileEncoding = 4; lastKnownFileType = sourcecode.c.h; path = TRPFile.h; sourceTree = "<group>"; };
		7FD90C941E611A1000DF226B /* TRPFile.m */ = {isa = PBXFileReference; fileEncoding = 4; lastKnownFileType = sourcecode.c.objc; path = TRPFile.m; sourceTree = "<group>"; };
		7FD90C991E612CA600DF226B /* TRPString.h */ = {isa = PBXFileReference; fileEncoding = 4; lastKnownFileType = sourcecode.c.h; path = TRPString.h; sourceTree = "<group>"; };
		7FD90C9A1E612CA600DF226B /* TRPString.m */ = {isa = PBXFileReference; fileEncoding = 4; lastKnownFileType = sourcecode.c.objc; path = TRPString.m; sourceTree = "<group>"; };
		7FD90C9D1E612CB500DF226B /* TRPInteger.h */ = {isa = PBXFileReference; fileEncoding = 4; lastKnownFileType = sourcecode.c.h; path = TRPInteger.h; sourceTree = "<group>"; };
		7FD90C9E1E612CB500DF226B /* TRPInteger.m */ = {isa = PBXFileReference; fileEncoding = 4; lastKnownFileType = sourcecode.c.objc; path = TRPInteger.m; sourceTree = "<group>"; };
		7FD90CA11E612CC100DF226B /* TRPList.h */ = {isa = PBXFileReference; fileEncoding = 4; lastKnownFileType = sourcecode.c.h; path = TRPList.h; sourceTree = "<group>"; };
		7FD90CA21E612CC100DF226B /* TRPList.m */ = {isa = PBXFileReference; fileEncoding = 4; lastKnownFileType = sourcecode.c.objc; path = TRPList.m; sourceTree = "<group>"; };
		7FD90CA51E612CD300DF226B /* TRPDictionary.h */ = {isa = PBXFileReference; fileEncoding = 4; lastKnownFileType = sourcecode.c.h; path = TRPDictionary.h; sourceTree = "<group>"; };
		7FD90CA61E612CD300DF226B /* TRPDictionary.m */ = {isa = PBXFileReference; fileEncoding = 4; lastKnownFileType = sourcecode.c.objc; path = TRPDictionary.m; sourceTree = "<group>"; };
		7FD90CAA1E61480B00DF226B /* TRPElement.h */ = {isa = PBXFileReference; fileEncoding = 4; lastKnownFileType = sourcecode.c.h; path = TRPElement.h; sourceTree = "<group>"; };
		7FD90CAB1E61480B00DF226B /* TRPElement.m */ = {isa = PBXFileReference; fileEncoding = 4; lastKnownFileType = sourcecode.c.objc; path = TRPElement.m; sourceTree = "<group>"; };
/* End PBXFileReference section */

/* Begin PBXFrameworksBuildPhase section */
		7FD90C541E60E84600DF226B /* Frameworks */ = {
			isa = PBXFrameworksBuildPhase;
			buildActionMask = 2147483647;
			files = (
			);
			runOnlyForDeploymentPostprocessing = 0;
		};
		7FD90C6A1E60E84600DF226B /* Frameworks */ = {
			isa = PBXFrameworksBuildPhase;
			buildActionMask = 2147483647;
			files = (
			);
			runOnlyForDeploymentPostprocessing = 0;
		};
		7FD90C751E60E84600DF226B /* Frameworks */ = {
			isa = PBXFrameworksBuildPhase;
			buildActionMask = 2147483647;
			files = (
			);
			runOnlyForDeploymentPostprocessing = 0;
		};
/* End PBXFrameworksBuildPhase section */

/* Begin PBXGroup section */
		7FD90C4E1E60E84600DF226B = {
			isa = PBXGroup;
			children = (
				7FD90C591E60E84600DF226B /* TorrentParser */,
				7FD90C701E60E84600DF226B /* TorrentParserTests */,
				7FD90C7B1E60E84600DF226B /* TorrentParserUITests */,
				7FD90C581E60E84600DF226B /* Products */,
			);
			sourceTree = "<group>";
		};
		7FD90C581E60E84600DF226B /* Products */ = {
			isa = PBXGroup;
			children = (
				7FD90C571E60E84600DF226B /* TorrentParser.app */,
				7FD90C6D1E60E84600DF226B /* TorrentParserTests.xctest */,
				7FD90C781E60E84600DF226B /* TorrentParserUITests.xctest */,
			);
			name = Products;
			sourceTree = "<group>";
		};
		7FD90C591E60E84600DF226B /* TorrentParser */ = {
			isa = PBXGroup;
			children = (
				7FD90C971E612BE700DF226B /* Model */,
				7FD90C5A1E60E84600DF226B /* AppDelegate.h */,
				7FD90C5B1E60E84600DF226B /* AppDelegate.m */,
				7FD90C601E60E84600DF226B /* ViewController.h */,
				7FD90C611E60E84600DF226B /* ViewController.m */,
				7FD90C631E60E84600DF226B /* Assets.xcassets */,
				7FD90C651E60E84600DF226B /* Main.storyboard */,
				7FD90C681E60E84600DF226B /* Info.plist */,
				7FD90C5D1E60E84600DF226B /* Supporting Files */,
			);
			path = TorrentParser;
			sourceTree = "<group>";
		};
		7FD90C5D1E60E84600DF226B /* Supporting Files */ = {
			isa = PBXGroup;
			children = (
				7FD90C5E1E60E84600DF226B /* main.m */,
			);
			name = "Supporting Files";
			sourceTree = "<group>";
		};
		7FD90C701E60E84600DF226B /* TorrentParserTests */ = {
			isa = PBXGroup;
			children = (
				7FD90C711E60E84600DF226B /* TorrentParserTests.m */,
				7FD90C731E60E84600DF226B /* Info.plist */,
			);
			path = TorrentParserTests;
			sourceTree = "<group>";
		};
		7FD90C7B1E60E84600DF226B /* TorrentParserUITests */ = {
			isa = PBXGroup;
			children = (
				7FD90C7C1E60E84600DF226B /* TorrentParserUITests.m */,
				7FD90C7E1E60E84600DF226B /* Info.plist */,
			);
			path = TorrentParserUITests;
			sourceTree = "<group>";
		};
		7FD90C971E612BE700DF226B /* Model */ = {
			isa = PBXGroup;
			children = (
				7FD90C981E612C7600DF226B /* BencodingTypes */,
				7FD90C8A1E60EDCA00DF226B /* TRPParser.h */,
				7FD90C8B1E60EDCA00DF226B /* TRPParser.m */,
				7FD90C8E1E60EE2F00DF226B /* TRPTorrent.h */,
				7FD90C8F1E60EE2F00DF226B /* TRPTorrent.m */,
				7FD90C931E611A1000DF226B /* TRPFile.h */,
				7FD90C941E611A1000DF226B /* TRPFile.m */,
			);
			name = Model;
			sourceTree = "<group>";
		};
		7FD90C981E612C7600DF226B /* BencodingTypes */ = {
			isa = PBXGroup;
			children = (
				7FD90C991E612CA600DF226B /* TRPString.h */,
				7FD90C9A1E612CA600DF226B /* TRPString.m */,
				7FD90C9D1E612CB500DF226B /* TRPInteger.h */,
				7FD90C9E1E612CB500DF226B /* TRPInteger.m */,
				7FD90CA11E612CC100DF226B /* TRPList.h */,
				7FD90CA21E612CC100DF226B /* TRPList.m */,
				7FD90CA51E612CD300DF226B /* TRPDictionary.h */,
				7FD90CA61E612CD300DF226B /* TRPDictionary.m */,
				7FD90CAA1E61480B00DF226B /* TRPElement.h */,
				7FD90CAB1E61480B00DF226B /* TRPElement.m */,
			);
			name = BencodingTypes;
			sourceTree = "<group>";
		};
/* End PBXGroup section */

/* Begin PBXNativeTarget section */
		7FD90C561E60E84600DF226B /* TorrentParser */ = {
			isa = PBXNativeTarget;
			buildConfigurationList = 7FD90C811E60E84600DF226B /* Build configuration list for PBXNativeTarget "TorrentParser" */;
			buildPhases = (
				7FD90C531E60E84600DF226B /* Sources */,
				7FD90C541E60E84600DF226B /* Frameworks */,
				7FD90C551E60E84600DF226B /* Resources */,
			);
			buildRules = (
			);
			dependencies = (
			);
			name = TorrentParser;
			productName = TorrentParser;
			productReference = 7FD90C571E60E84600DF226B /* TorrentParser.app */;
			productType = "com.apple.product-type.application";
		};
		7FD90C6C1E60E84600DF226B /* TorrentParserTests */ = {
			isa = PBXNativeTarget;
			buildConfigurationList = 7FD90C841E60E84600DF226B /* Build configuration list for PBXNativeTarget "TorrentParserTests" */;
			buildPhases = (
				7FD90C691E60E84600DF226B /* Sources */,
				7FD90C6A1E60E84600DF226B /* Frameworks */,
				7FD90C6B1E60E84600DF226B /* Resources */,
			);
			buildRules = (
			);
			dependencies = (
				7FD90C6F1E60E84600DF226B /* PBXTargetDependency */,
			);
			name = TorrentParserTests;
			productName = TorrentParserTests;
			productReference = 7FD90C6D1E60E84600DF226B /* TorrentParserTests.xctest */;
			productType = "com.apple.product-type.bundle.unit-test";
		};
		7FD90C771E60E84600DF226B /* TorrentParserUITests */ = {
			isa = PBXNativeTarget;
			buildConfigurationList = 7FD90C871E60E84600DF226B /* Build configuration list for PBXNativeTarget "TorrentParserUITests" */;
			buildPhases = (
				7FD90C741E60E84600DF226B /* Sources */,
				7FD90C751E60E84600DF226B /* Frameworks */,
				7FD90C761E60E84600DF226B /* Resources */,
			);
			buildRules = (
			);
			dependencies = (
				7FD90C7A1E60E84600DF226B /* PBXTargetDependency */,
			);
			name = TorrentParserUITests;
			productName = TorrentParserUITests;
			productReference = 7FD90C781E60E84600DF226B /* TorrentParserUITests.xctest */;
			productType = "com.apple.product-type.bundle.ui-testing";
		};
/* End PBXNativeTarget section */

/* Begin PBXProject section */
		7FD90C4F1E60E84600DF226B /* Project object */ = {
			isa = PBXProject;
			attributes = {
				LastUpgradeCheck = 0820;
				ORGANIZATIONNAME = "Haohua Li";
				TargetAttributes = {
					7FD90C561E60E84600DF226B = {
						CreatedOnToolsVersion = 8.2.1;
						DevelopmentTeam = 7B976PU7W8;
						ProvisioningStyle = Automatic;
					};
					7FD90C6C1E60E84600DF226B = {
						CreatedOnToolsVersion = 8.2.1;
						DevelopmentTeam = 7B976PU7W8;
						ProvisioningStyle = Automatic;
						TestTargetID = 7FD90C561E60E84600DF226B;
					};
					7FD90C771E60E84600DF226B = {
						CreatedOnToolsVersion = 8.2.1;
						DevelopmentTeam = 7B976PU7W8;
						ProvisioningStyle = Automatic;
						TestTargetID = 7FD90C561E60E84600DF226B;
					};
				};
			};
			buildConfigurationList = 7FD90C521E60E84600DF226B /* Build configuration list for PBXProject "TorrentParser" */;
			compatibilityVersion = "Xcode 3.2";
			developmentRegion = English;
			hasScannedForEncodings = 0;
			knownRegions = (
				en,
				Base,
			);
			mainGroup = 7FD90C4E1E60E84600DF226B;
			productRefGroup = 7FD90C581E60E84600DF226B /* Products */;
			projectDirPath = "";
			projectRoot = "";
			targets = (
				7FD90C561E60E84600DF226B /* TorrentParser */,
				7FD90C6C1E60E84600DF226B /* TorrentParserTests */,
				7FD90C771E60E84600DF226B /* TorrentParserUITests */,
			);
		};
/* End PBXProject section */

/* Begin PBXResourcesBuildPhase section */
		7FD90C551E60E84600DF226B /* Resources */ = {
			isa = PBXResourcesBuildPhase;
			buildActionMask = 2147483647;
			files = (
				7FD90C641E60E84600DF226B /* Assets.xcassets in Resources */,
				7FD90C671E60E84600DF226B /* Main.storyboard in Resources */,
			);
			runOnlyForDeploymentPostprocessing = 0;
		};
		7FD90C6B1E60E84600DF226B /* Resources */ = {
			isa = PBXResourcesBuildPhase;
			buildActionMask = 2147483647;
			files = (
			);
			runOnlyForDeploymentPostprocessing = 0;
		};
		7FD90C761E60E84600DF226B /* Resources */ = {
			isa = PBXResourcesBuildPhase;
			buildActionMask = 2147483647;
			files = (
			);
			runOnlyForDeploymentPostprocessing = 0;
		};
/* End PBXResourcesBuildPhase section */

/* Begin PBXSourcesBuildPhase section */
		7FD90C531E60E84600DF226B /* Sources */ = {
			isa = PBXSourcesBuildPhase;
			buildActionMask = 2147483647;
			files = (
				7FD90CA71E612CD300DF226B /* TRPDictionary.m in Sources */,
				7FD90CAC1E61480B00DF226B /* TRPElement.m in Sources */,
				7FD90C621E60E84600DF226B /* ViewController.m in Sources */,
				7FD90C5F1E60E84600DF226B /* main.m in Sources */,
				7FD90C9B1E612CA600DF226B /* TRPString.m in Sources */,
				7FD90C9F1E612CB500DF226B /* TRPInteger.m in Sources */,
				7FD90CA31E612CC100DF226B /* TRPList.m in Sources */,
				7FD90C8C1E60EDCA00DF226B /* TRPParser.m in Sources */,
				7FD90C5C1E60E84600DF226B /* AppDelegate.m in Sources */,
				7FD90C951E611A1000DF226B /* TRPFile.m in Sources */,
				7FD90C901E60EE2F00DF226B /* TRPTorrent.m in Sources */,
			);
			runOnlyForDeploymentPostprocessing = 0;
		};
		7FD90C691E60E84600DF226B /* Sources */ = {
			isa = PBXSourcesBuildPhase;
			buildActionMask = 2147483647;
			files = (
				7FD90CA41E612CC100DF226B /* TRPList.m in Sources */,
				7FD90C8D1E60EDCA00DF226B /* TRPParser.m in Sources */,
				7FD90CAD1E61480B00DF226B /* TRPElement.m in Sources */,
				7FD90C9C1E612CA600DF226B /* TRPString.m in Sources */,
				7FD90C911E60EE2F00DF226B /* TRPTorrent.m in Sources */,
				7FD90C961E611A1000DF226B /* TRPFile.m in Sources */,
				7FD90C721E60E84600DF226B /* TorrentParserTests.m in Sources */,
				7FD90CA81E612CD300DF226B /* TRPDictionary.m in Sources */,
				7FD90CA01E612CB500DF226B /* TRPInteger.m in Sources */,
			);
			runOnlyForDeploymentPostprocessing = 0;
		};
		7FD90C741E60E84600DF226B /* Sources */ = {
			isa = PBXSourcesBuildPhase;
			buildActionMask = 2147483647;
			files = (
				7FD90C7D1E60E84600DF226B /* TorrentParserUITests.m in Sources */,
			);
			runOnlyForDeploymentPostprocessing = 0;
		};
/* End PBXSourcesBuildPhase section */

/* Begin PBXTargetDependency section */
		7FD90C6F1E60E84600DF226B /* PBXTargetDependency */ = {
			isa = PBXTargetDependency;
			target = 7FD90C561E60E84600DF226B /* TorrentParser */;
			targetProxy = 7FD90C6E1E60E84600DF226B /* PBXContainerItemProxy */;
		};
		7FD90C7A1E60E84600DF226B /* PBXTargetDependency */ = {
			isa = PBXTargetDependency;
			target = 7FD90C561E60E84600DF226B /* TorrentParser */;
			targetProxy = 7FD90C791E60E84600DF226B /* PBXContainerItemProxy */;
		};
/* End PBXTargetDependency section */

/* Begin PBXVariantGroup section */
		7FD90C651E60E84600DF226B /* Main.storyboard */ = {
			isa = PBXVariantGroup;
			children = (
				7FD90C661E60E84600DF226B /* Base */,
			);
			name = Main.storyboard;
			sourceTree = "<group>";
		};
/* End PBXVariantGroup section */

/* Begin XCBuildConfiguration section */
		7FD90C7F1E60E84600DF226B /* Debug */ = {
			isa = XCBuildConfiguration;
			buildSettings = {
				ALWAYS_SEARCH_USER_PATHS = NO;
				CLANG_ANALYZER_NONNULL = YES;
				CLANG_CXX_LANGUAGE_STANDARD = "gnu++0x";
				CLANG_CXX_LIBRARY = "libc++";
				CLANG_ENABLE_MODULES = YES;
				CLANG_ENABLE_OBJC_ARC = YES;
				CLANG_WARN_BOOL_CONVERSION = YES;
				CLANG_WARN_CONSTANT_CONVERSION = YES;
				CLANG_WARN_DIRECT_OBJC_ISA_USAGE = YES_ERROR;
				CLANG_WARN_DOCUMENTATION_COMMENTS = YES;
				CLANG_WARN_EMPTY_BODY = YES;
				CLANG_WARN_ENUM_CONVERSION = YES;
				CLANG_WARN_INFINITE_RECURSION = YES;
				CLANG_WARN_INT_CONVERSION = YES;
				CLANG_WARN_OBJC_ROOT_CLASS = YES_ERROR;
				CLANG_WARN_SUSPICIOUS_MOVE = YES;
				CLANG_WARN_UNREACHABLE_CODE = YES;
				CLANG_WARN__DUPLICATE_METHOD_MATCH = YES;
				CODE_SIGN_IDENTITY = "-";
				COPY_PHASE_STRIP = NO;
				DEBUG_INFORMATION_FORMAT = dwarf;
				ENABLE_STRICT_OBJC_MSGSEND = YES;
				ENABLE_TESTABILITY = YES;
				GCC_C_LANGUAGE_STANDARD = gnu99;
				GCC_DYNAMIC_NO_PIC = NO;
				GCC_NO_COMMON_BLOCKS = YES;
				GCC_OPTIMIZATION_LEVEL = 0;
				GCC_PREPROCESSOR_DEFINITIONS = (
					"DEBUG=1",
					"$(inherited)",
				);
				GCC_WARN_64_TO_32_BIT_CONVERSION = YES;
				GCC_WARN_ABOUT_RETURN_TYPE = YES_ERROR;
				GCC_WARN_UNDECLARED_SELECTOR = YES;
				GCC_WARN_UNINITIALIZED_AUTOS = YES_AGGRESSIVE;
				GCC_WARN_UNUSED_FUNCTION = YES;
				GCC_WARN_UNUSED_VARIABLE = YES;
				MACOSX_DEPLOYMENT_TARGET = 10.12;
				MTL_ENABLE_DEBUG_INFO = YES;
				ONLY_ACTIVE_ARCH = YES;
				SDKROOT = macosx;
			};
			name = Debug;
		};
		7FD90C801E60E84600DF226B /* Release */ = {
			isa = XCBuildConfiguration;
			buildSettings = {
				ALWAYS_SEARCH_USER_PATHS = NO;
				CLANG_ANALYZER_NONNULL = YES;
				CLANG_CXX_LANGUAGE_STANDARD = "gnu++0x";
				CLANG_CXX_LIBRARY = "libc++";
				CLANG_ENABLE_MODULES = YES;
				CLANG_ENABLE_OBJC_ARC = YES;
				CLANG_WARN_BOOL_CONVERSION = YES;
				CLANG_WARN_CONSTANT_CONVERSION = YES;
				CLANG_WARN_DIRECT_OBJC_ISA_USAGE = YES_ERROR;
				CLANG_WARN_DOCUMENTATION_COMMENTS = YES;
				CLANG_WARN_EMPTY_BODY = YES;
				CLANG_WARN_ENUM_CONVERSION = YES;
				CLANG_WARN_INFINITE_RECURSION = YES;
				CLANG_WARN_INT_CONVERSION = YES;
				CLANG_WARN_OBJC_ROOT_CLASS = YES_ERROR;
				CLANG_WARN_SUSPICIOUS_MOVE = YES;
				CLANG_WARN_UNREACHABLE_CODE = YES;
				CLANG_WARN__DUPLICATE_METHOD_MATCH = YES;
				CODE_SIGN_IDENTITY = "-";
				COPY_PHASE_STRIP = NO;
				DEBUG_INFORMATION_FORMAT = "dwarf-with-dsym";
				ENABLE_NS_ASSERTIONS = NO;
				ENABLE_STRICT_OBJC_MSGSEND = YES;
				GCC_C_LANGUAGE_STANDARD = gnu99;
				GCC_NO_COMMON_BLOCKS = YES;
				GCC_WARN_64_TO_32_BIT_CONVERSION = YES;
				GCC_WARN_ABOUT_RETURN_TYPE = YES_ERROR;
				GCC_WARN_UNDECLARED_SELECTOR = YES;
				GCC_WARN_UNINITIALIZED_AUTOS = YES_AGGRESSIVE;
				GCC_WARN_UNUSED_FUNCTION = YES;
				GCC_WARN_UNUSED_VARIABLE = YES;
				MACOSX_DEPLOYMENT_TARGET = 10.12;
				MTL_ENABLE_DEBUG_INFO = NO;
				SDKROOT = macosx;
			};
			name = Release;
		};
		7FD90C821E60E84600DF226B /* Debug */ = {
			isa = XCBuildConfiguration;
			buildSettings = {
				ASSETCATALOG_COMPILER_APPICON_NAME = AppIcon;
				COMBINE_HIDPI_IMAGES = YES;
				DEVELOPMENT_TEAM = 7B976PU7W8;
				INFOPLIST_FILE = TorrentParser/Info.plist;
				LD_RUNPATH_SEARCH_PATHS = "$(inherited) @executable_path/../Frameworks";
				MACOSX_DEPLOYMENT_TARGET = 10.11;
				PRODUCT_BUNDLE_IDENTIFIER = ca.howardli.TorrentParser;
				PRODUCT_NAME = "$(TARGET_NAME)";
			};
			name = Debug;
		};
		7FD90C831E60E84600DF226B /* Release */ = {
			isa = XCBuildConfiguration;
			buildSettings = {
				ASSETCATALOG_COMPILER_APPICON_NAME = AppIcon;
				COMBINE_HIDPI_IMAGES = YES;
				DEVELOPMENT_TEAM = 7B976PU7W8;
				INFOPLIST_FILE = TorrentParser/Info.plist;
				LD_RUNPATH_SEARCH_PATHS = "$(inherited) @executable_path/../Frameworks";
				MACOSX_DEPLOYMENT_TARGET = 10.11;
				PRODUCT_BUNDLE_IDENTIFIER = ca.howardli.TorrentParser;
				PRODUCT_NAME = "$(TARGET_NAME)";
			};
			name = Release;
		};
		7FD90C851E60E84600DF226B /* Debug */ = {
			isa = XCBuildConfiguration;
			buildSettings = {
				BUNDLE_LOADER = "$(TEST_HOST)";
				COMBINE_HIDPI_IMAGES = YES;
				DEVELOPMENT_TEAM = 7B976PU7W8;
				INFOPLIST_FILE = TorrentParserTests/Info.plist;
				LD_RUNPATH_SEARCH_PATHS = "$(inherited) @executable_path/../Frameworks @loader_path/../Frameworks";
				PRODUCT_BUNDLE_IDENTIFIER = ca.howardli.TorrentParserTests;
				PRODUCT_NAME = "$(TARGET_NAME)";
				TEST_HOST = "$(BUILT_PRODUCTS_DIR)/TorrentParser.app/Contents/MacOS/TorrentParser";
			};
			name = Debug;
		};
		7FD90C861E60E84600DF226B /* Release */ = {
			isa = XCBuildConfiguration;
			buildSettings = {
				BUNDLE_LOADER = "$(TEST_HOST)";
				COMBINE_HIDPI_IMAGES = YES;
				DEVELOPMENT_TEAM = 7B976PU7W8;
				INFOPLIST_FILE = TorrentParserTests/Info.plist;
				LD_RUNPATH_SEARCH_PATHS = "$(inherited) @executable_path/../Frameworks @loader_path/../Frameworks";
				PRODUCT_BUNDLE_IDENTIFIER = ca.howardli.TorrentParserTests;
				PRODUCT_NAME = "$(TARGET_NAME)";
				TEST_HOST = "$(BUILT_PRODUCTS_DIR)/TorrentParser.app/Contents/MacOS/TorrentParser";
			};
			name = Release;
		};
		7FD90C881E60E84600DF226B /* Debug */ = {
			isa = XCBuildConfiguration;
			buildSettings = {
				COMBINE_HIDPI_IMAGES = YES;
				DEVELOPMENT_TEAM = 7B976PU7W8;
				INFOPLIST_FILE = TorrentParserUITests/Info.plist;
				LD_RUNPATH_SEARCH_PATHS = "$(inherited) @executable_path/../Frameworks @loader_path/../Frameworks";
				PRODUCT_BUNDLE_IDENTIFIER = ca.howardli.TorrentParserUITests;
				PRODUCT_NAME = "$(TARGET_NAME)";
				TEST_TARGET_NAME = TorrentParser;
			};
			name = Debug;
		};
		7FD90C891E60E84600DF226B /* Release */ = {
			isa = XCBuildConfiguration;
			buildSettings = {
				COMBINE_HIDPI_IMAGES = YES;
				DEVELOPMENT_TEAM = 7B976PU7W8;
				INFOPLIST_FILE = TorrentParserUITests/Info.plist;
				LD_RUNPATH_SEARCH_PATHS = "$(inherited) @executable_path/../Frameworks @loader_path/../Frameworks";
				PRODUCT_BUNDLE_IDENTIFIER = ca.howardli.TorrentParserUITests;
				PRODUCT_NAME = "$(TARGET_NAME)";
				TEST_TARGET_NAME = TorrentParser;
			};
			name = Release;
		};
/* End XCBuildConfiguration section */

/* Begin XCConfigurationList section */
		7FD90C521E60E84600DF226B /* Build configuration list for PBXProject "TorrentParser" */ = {
			isa = XCConfigurationList;
			buildConfigurations = (
				7FD90C7F1E60E84600DF226B /* Debug */,
				7FD90C801E60E84600DF226B /* Release */,
			);
			defaultConfigurationIsVisible = 0;
			defaultConfigurationName = Release;
		};
		7FD90C811E60E84600DF226B /* Build configuration list for PBXNativeTarget "TorrentParser" */ = {
			isa = XCConfigurationList;
			buildConfigurations = (
				7FD90C821E60E84600DF226B /* Debug */,
				7FD90C831E60E84600DF226B /* Release */,
			);
			defaultConfigurationIsVisible = 0;
		};
		7FD90C841E60E84600DF226B /* Build configuration list for PBXNativeTarget "TorrentParserTests" */ = {
			isa = XCConfigurationList;
			buildConfigurations = (
				7FD90C851E60E84600DF226B /* Debug */,
				7FD90C861E60E84600DF226B /* Release */,
			);
			defaultConfigurationIsVisible = 0;
		};
		7FD90C871E60E84600DF226B /* Build configuration list for PBXNativeTarget "TorrentParserUITests" */ = {
			isa = XCConfigurationList;
			buildConfigurations = (
				7FD90C881E60E84600DF226B /* Debug */,
				7FD90C891E60E84600DF226B /* Release */,
			);
			defaultConfigurationIsVisible = 0;
		};
/* End XCConfigurationList section */
	};
	rootObject = 7FD90C4F1E60E84600DF226B /* Project object */;
}
